
Microsoft Visual Studio Solution File, Format Version 12.00
# Visual Studio Version 17
VisualStudioVersion = 17.1.32407.343
MinimumVisualStudioVersion = 10.0.40219.1
Project("{9A19103F-16F7-4668-BE54-9A1E7A4F7556}") = "JtvDevTools.WinForms", "JtvDevTools.WinForms\JtvDevTools.WinForms.csproj", "{BD5E672A-52BE-427E-8F25-C89E436E8C5C}"
EndProject
Project("{9A19103F-16F7-4668-BE54-9A1E7A4F7556}") = "JtvDevTools.Core", "JtvDevTools.Core\JtvDevTools.Core.csproj", "{0ABB0640-C756-4705-9B99-495A193AF1A6}"
EndProject
Project("{FAE04EC0-301F-11D3-BF4B-00C04F79EFBC}") = "JtvDevTools.RestClient", "JtvDevTools.RestClient\JtvDevTools.RestClient.csproj", "{5B02F880-D4EE-4B0D-A28F-AEDE618D079F}"
EndProject
Project("{FAE04EC0-301F-11D3-BF4B-00C04F79EFBC}") = "JtvDevTools.RestConsole", "JtvDevTools.RestConsole\JtvDevTools.RestConsole.csproj", "{0158E76D-DEC3-46C7-9521-493190F0DE2E}"
EndProject
Global
	GlobalSection(SolutionConfigurationPlatforms) = preSolution
		Debug|Any CPU = Debug|Any CPU
		Release|Any CPU = Release|Any CPU
	EndGlobalSection
	GlobalSection(ProjectConfigurationPlatforms) = postSolution
		{BD5E672A-52BE-427E-8F25-C89E436E8C5C}.Debug|Any CPU.ActiveCfg = Debug|Any CPU
		{BD5E672A-52BE-427E-8F25-C89E436E8C5C}.Debug|Any CPU.Build.0 = Debug|Any CPU
		{BD5E672A-52BE-427E-8F25-C89E436E8C5C}.Release|Any CPU.ActiveCfg = Release|Any CPU
		{BD5E672A-52BE-427E-8F25-C89E436E8C5C}.Release|Any CPU.Build.0 = Release|Any CPU
		{0ABB0640-C756-4705-9B99-495A193AF1A6}.Debug|Any CPU.ActiveCfg = Debug|Any CPU
		{0ABB0640-C756-4705-9B99-495A193AF1A6}.Debug|Any CPU.Build.0 = Debug|Any CPU
		{0ABB0640-C756-4705-9B99-495A193AF1A6}.Release|Any CPU.ActiveCfg = Release|Any CPU
		{0ABB0640-C756-4705-9B99-495A193AF1A6}.Release|Any CPU.Build.0 = Release|Any CPU
		{5B02F880-D4EE-4B0D-A28F-AEDE618D079F}.Debug|Any CPU.ActiveCfg = Debug|Any CPU
		{5B02F880-D4EE-4B0D-A28F-AEDE618D079F}.Debug|Any CPU.Build.0 = Debug|Any CPU
		{5B02F880-D4EE-4B0D-A28F-AEDE618D079F}.Release|Any CPU.ActiveCfg = Release|Any CPU
		{5B02F880-D4EE-4B0D-A28F-AEDE618D079F}.Release|Any CPU.Build.0 = Release|Any CPU
		{0158E76D-DEC3-46C7-9521-493190F0DE2E}.Debug|Any CPU.ActiveCfg = Debug|Any CPU
		{0158E76D-DEC3-46C7-9521-493190F0DE2E}.Debug|Any CPU.Build.0 = Debug|Any CPU
		{0158E76D-DEC3-46C7-9521-493190F0DE2E}.Release|Any CPU.ActiveCfg = Release|Any CPU
		{0158E76D-DEC3-46C7-9521-493190F0DE2E}.Release|Any CPU.Build.0 = Release|Any CPU
	EndGlobalSection
	GlobalSection(SolutionProperties) = preSolution
		HideSolutionNode = FALSE
	EndGlobalSection
	GlobalSection(ExtensibilityGlobals) = postSolution
		SolutionGuid = {04D2BADF-58DB-4D86-8C50-5ECEF1BB3802}
	EndGlobalSection
EndGlobal
